{
  "name": "Cinema-React-Project",
  "lockfileVersion": 2,
  "requires": true,
  "packages": {
    "": {
      "dependencies": {
        "@emailjs/browser": "^3.6.2",
        "axios": "^0.27.2",
        "catchmail": "^1.1.0"
      }
    },
    "node_modules/@emailjs/browser": {
      "version": "3.6.2",
      "resolved": "https://registry.npmjs.org/@emailjs/browser/-/browser-3.6.2.tgz",
      "integrity": "sha512-Swc8w+vwDX4XPy6tPegOFGSwHqNiEmEsIKbtAkqHo2WqnS0ORZUnnuZats2R3XqwfxNQD0F6RwnlVWHIMf6sCQ==",
      "engines": {
        "node": ">=14.0.0"
      }
    },
    "node_modules/addressparser": {
      "version": "0.3.2",
      "resolved": "https://registry.npmjs.org/addressparser/-/addressparser-0.3.2.tgz",
      "integrity": "sha512-fDlslCJpojuY1cnb7tY7COAriA7cdSzDiWyrWNdFn7Cjd+jrEgZavqkOgD/wg+eH765YPnQjqlS88OL/Q0Qtkg=="
    },
    "node_modules/ansi-regex": {
      "version": "2.1.1",
      "resolved": "https://registry.npmjs.org/ansi-regex/-/ansi-regex-2.1.1.tgz",
      "integrity": "sha512-TIGnTpdo+E3+pCyAluZvtED5p5wCqLdezCyhPZzKPcxvFplEt4i+W7OONCKgeZFT3+y5NZZfOOS/Bdcanm1MYA==",
      "engines": {
        "node": ">=0.10.0"
      }
    },
    "node_modules/ansi-styles": {
      "version": "2.2.1",
      "resolved": "https://registry.npmjs.org/ansi-styles/-/ansi-styles-2.2.1.tgz",
      "integrity": "sha512-kmCevFghRiWM7HB5zTPULl4r9bVFSWjz62MhqizDGUrq2NWuNMQyuv4tHHoKJHs69M/MF64lEcHdYIocrdWQYA==",
      "engines": {
        "node": ">=0.10.0"
      }
    },
    "node_modules/asynckit": {
      "version": "0.4.0",
      "resolved": "https://registry.npmjs.org/asynckit/-/asynckit-0.4.0.tgz",
      "integrity": "sha512-Oei9OH4tRh0YqU3GxhX79dM/mwVgvbZJaSNaRk+bshkj0S5cfHcgYakreBjrHwatXKbz+IoIdYLxrKim2MjW0Q=="
    },
    "node_modules/axios": {
      "version": "0.27.2",
      "resolved": "https://registry.npmjs.org/axios/-/axios-0.27.2.tgz",
      "integrity": "sha512-t+yRIyySRTp/wua5xEr+z1q60QmLq8ABsS5O9Me1AsE5dfKqgnCFzwiCZZ/cGNd1lq4/7akDWMxdhVlucjmnOQ==",
      "dependencies": {
        "follow-redirects": "^1.14.9",
        "form-data": "^4.0.0"
      }
    },
    "node_modules/buildmail": {
      "version": "2.0.0",
      "resolved": "https://registry.npmjs.org/buildmail/-/buildmail-2.0.0.tgz",
      "integrity": "sha512-nzs+TRLUuC+4RUuEdUwjcu3EKXhbO2mTd20xZngRELIeGOlMWZjanEUxdOkVGx4TRN9CWzxqGrrxBYQUrBhCvQ==",
      "deprecated": "This project is unmaintained",
      "dependencies": {
        "addressparser": "^0.3.2",
        "libbase64": "^0.1.0",
        "libmime": "^1.2.0",
        "libqp": "^1.1.0",
        "needle": "^0.10.0"
      }
    },
    "node_modules/buildmail/node_modules/iconv-lite": {
      "version": "0.4.24",
      "resolved": "https://registry.npmjs.org/iconv-lite/-/iconv-lite-0.4.24.tgz",
      "integrity": "sha512-v3MXnZAcvnywkTUEZomIActle7RXXeedOR31wwl7VlyoXO4Qi9arvSenNQWne1TcRwhCL1HwLI21bEqdpj8/rA==",
      "dependencies": {
        "safer-buffer": ">= 2.1.2 < 3"
      },
      "engines": {
        "node": ">=0.10.0"
      }
    },
    "node_modules/buildmail/node_modules/needle": {
      "version": "0.10.0",
      "resolved": "https://registry.npmjs.org/needle/-/needle-0.10.0.tgz",
      "integrity": "sha512-83oJxMoVmAew7kZ51Z4jeWndgXY7/yeSMUh4H9ayEYkfRbu7IGPW45Ft20aXbicU6z7mZU2V41MZHzysdBLoFQ==",
      "dependencies": {
        "debug": "^2.1.2",
        "iconv-lite": "^0.4.4"
      },
      "bin": {
        "needle": "bin/needle"
      },
      "engines": {
        "node": ">= 0.10.x"
      }
    },
    "node_modules/catchmail": {
      "version": "1.1.0",
      "resolved": "https://registry.npmjs.org/catchmail/-/catchmail-1.1.0.tgz",
      "integrity": "sha512-BFlCjGhAFv4aI2sxX3/t/JP/YbnFw4//HpR+IbQIaCRwVuanBQEdXVkon8DBBC9d+7PM47vqmQQBpwdUjAtk3w==",
      "dependencies": {
        "chalk": "^1.0.0",
        "commander": "^2.7.1",
        "mailparser": "^0.5.1",
        "merge": "^1.2.0",
        "nodemailer": "^1.3.2",
        "nodemailer-smtp-transport": "^1.0.2"
      },
      "bin": {
        "catchmail": "bin/cli.js"
      },
      "engines": {
        "node": ">=0.12.0"
      }
    },
    "node_modules/chalk": {
      "version": "1.1.3",
      "resolved": "https://registry.npmjs.org/chalk/-/chalk-1.1.3.tgz",
      "integrity": "sha512-U3lRVLMSlsCfjqYPbLyVv11M9CPW4I728d6TCKMAOJueEeB9/8o+eSsMnxPJD+Q+K909sdESg7C+tIkoH6on1A==",
      "dependencies": {
        "ansi-styles": "^2.2.1",
        "escape-string-regexp": "^1.0.2",
        "has-ansi": "^2.0.0",
        "strip-ansi": "^3.0.0",
        "supports-color": "^2.0.0"
      },
      "engines": {
        "node": ">=0.10.0"
      }
    },
    "node_modules/clone": {
      "version": "1.0.4",
      "resolved": "https://registry.npmjs.org/clone/-/clone-1.0.4.tgz",
      "integrity": "sha512-JQHZ2QMW6l3aH/j6xCqQThY/9OH4D/9ls34cgkUBiEeocRTU04tHfKPBsUK1PqZCUQM7GiA0IIXJSuXHI64Kbg==",
      "engines": {
        "node": ">=0.8"
      }
    },
    "node_modules/combined-stream": {
      "version": "1.0.8",
      "resolved": "https://registry.npmjs.org/combined-stream/-/combined-stream-1.0.8.tgz",
      "integrity": "sha512-FQN4MRfuJeHf7cBbBMJFXhKSDq+2kAArBlmRBvcvFE5BB1HZKXtSFASDhdlz9zOYwxh8lDdnvmMOe/+5cdoEdg==",
      "dependencies": {
        "delayed-stream": "~1.0.0"
      },
      "engines": {
        "node": ">= 0.8"
      }
    },
    "node_modules/commander": {
      "version": "2.20.3",
      "resolved": "https://registry.npmjs.org/commander/-/commander-2.20.3.tgz",
      "integrity": "sha512-GpVkmM8vF2vQUkj2LvZmD35JxeJOLCwJ9cUkugyk2nuhbv3+mJvpLYYt+0+USMxE+oj+ey/lJEnhZw75x/OMcQ=="
    },
    "node_modules/debug": {
      "version": "2.6.9",
      "resolved": "https://registry.npmjs.org/debug/-/debug-2.6.9.tgz",
      "integrity": "sha512-bC7ElrdJaJnPbAP+1EotYvqZsb3ecl5wi6Bfi6BJTUcNowp6cvspg0jXznRTKDjm/E7AdgFBVeAPVMNcKGsHMA==",
      "dependencies": {
        "ms": "2.0.0"
      }
    },
    "node_modules/delayed-stream": {
      "version": "1.0.0",
      "resolved": "https://registry.npmjs.org/delayed-stream/-/delayed-stream-1.0.0.tgz",
      "integrity": "sha512-ZySD7Nf91aLB0RxL4KGrKHBXl7Eds1DAmEdcoVawXnLD7SDhpNgtuII2aAkg7a7QS41jxPSZ17p4VdGnMHk3MQ==",
      "engines": {
        "node": ">=0.4.0"
      }
    },
    "node_modules/encoding": {
      "version": "0.1.13",
      "resolved": "https://registry.npmjs.org/encoding/-/encoding-0.1.13.tgz",
      "integrity": "sha512-ETBauow1T35Y/WZMkio9jiM0Z5xjHHmJ4XmjZOq1l/dXz3lr2sRn87nJy20RupqSh1F2m3HHPSp8ShIPQJrJ3A==",
      "dependencies": {
        "iconv-lite": "^0.6.2"
      }
    },
    "node_modules/escape-string-regexp": {
      "version": "1.0.5",
      "resolved": "https://registry.npmjs.org/escape-string-regexp/-/escape-string-regexp-1.0.5.tgz",
      "integrity": "sha512-vbRorB5FUQWvla16U8R/qgaFIya2qGzwDrNmCZuYKrbdSUMG6I1ZCGQRefkRVhuOkIGVne7BQ35DSfo1qvJqFg==",
      "engines": {
        "node": ">=0.8.0"
      }
    },
    "node_modules/extend": {
      "version": "3.0.2",
      "resolved": "https://registry.npmjs.org/extend/-/extend-3.0.2.tgz",
      "integrity": "sha512-fjquC59cD7CyW6urNXK0FBufkZcoiGG80wTuPujX590cB5Ttln20E2UB4S/WARVqhXffZl2LNgS+gQdPIIim/g=="
    },
    "node_modules/follow-redirects": {
      "version": "1.15.1",
      "resolved": "https://registry.npmjs.org/follow-redirects/-/follow-redirects-1.15.1.tgz",
      "integrity": "sha512-yLAMQs+k0b2m7cVxpS1VKJVvoz7SS9Td1zss3XRwXj+ZDH00RJgnuLx7E44wx02kQLrdM3aOOy+FpzS7+8OizA==",
      "funding": [
        {
          "type": "individual",
          "url": "https://github.com/sponsors/RubenVerborgh"
        }
      ],
      "engines": {
        "node": ">=4.0"
      },
      "peerDependenciesMeta": {
        "debug": {
          "optional": true
        }
      }
    },
    "node_modules/form-data": {
      "version": "4.0.0",
      "resolved": "https://registry.npmjs.org/form-data/-/form-data-4.0.0.tgz",
      "integrity": "sha512-ETEklSGi5t0QMZuiXoA/Q6vcnxcLQP5vdugSpuAyi6SVGi2clPPp+xgEhuMaHC+zGgn31Kd235W35f7Hykkaww==",
      "dependencies": {
        "asynckit": "^0.4.0",
        "combined-stream": "^1.0.8",
        "mime-types": "^2.1.12"
      },
      "engines": {
        "node": ">= 6"
      }
    },
    "node_modules/has-ansi": {
      "version": "2.0.0",
      "resolved": "https://registry.npmjs.org/has-ansi/-/has-ansi-2.0.0.tgz",
      "integrity": "sha512-C8vBJ8DwUCx19vhm7urhTuUsr4/IyP6l4VzNQDv+ryHQObW3TTTp9yB68WpYgRe2bbaGuZ/se74IqFeVnMnLZg==",
      "dependencies": {
        "ansi-regex": "^2.0.0"
      },
      "engines": {
        "node": ">=0.10.0"
      }
    },
    "node_modules/iconv-lite": {
      "version": "0.6.3",
      "resolved": "https://registry.npmjs.org/iconv-lite/-/iconv-lite-0.6.3.tgz",
      "integrity": "sha512-4fCk79wshMdzMp2rH06qWrJE4iolqLhCUH+OiuIgU++RB0+94NlDL81atO7GX55uUKueo0txHNtvEyI6D7WdMw==",
      "dependencies": {
        "safer-buffer": ">= 2.1.2 < 3.0.0"
      },
      "engines": {
        "node": ">=0.10.0"
      }
    },
    "node_modules/libbase64": {
      "version": "0.1.0",
      "resolved": "https://registry.npmjs.org/libbase64/-/libbase64-0.1.0.tgz",
      "integrity": "sha512-B91jifmFw1DKEqEWstSpg1PbtUbBzR4yQAPT86kCQXBtud1AJVA+Z6RSklSrqmKe4q2eiEufgnhqJKPgozzfIQ=="
    },
    "node_modules/libmime": {
      "version": "1.2.0",
      "resolved": "https://registry.npmjs.org/libmime/-/libmime-1.2.0.tgz",
      "integrity": "sha512-T1b/a+85vR5uJOzvQG2xZlGsWdELj02jijj/ooBcIwJUF11yiE6n2T3EI9n0B5kJX1GhI9BTTb13g/bhnhxDnw==",
      "dependencies": {
        "iconv-lite": "^0.4.13",
        "libbase64": "^0.1.0",
        "libqp": "^1.1.0"
      }
    },
    "node_modules/libmime/node_modules/iconv-lite": {
      "version": "0.4.24",
      "resolved": "https://registry.npmjs.org/iconv-lite/-/iconv-lite-0.4.24.tgz",
      "integrity": "sha512-v3MXnZAcvnywkTUEZomIActle7RXXeedOR31wwl7VlyoXO4Qi9arvSenNQWne1TcRwhCL1HwLI21bEqdpj8/rA==",
      "dependencies": {
        "safer-buffer": ">= 2.1.2 < 3"
      },
      "engines": {
        "node": ">=0.10.0"
      }
    },
    "node_modules/libqp": {
      "version": "1.1.0",
      "resolved": "https://registry.npmjs.org/libqp/-/libqp-1.1.0.tgz",
      "integrity": "sha512-4Rgfa0hZpG++t1Vi2IiqXG9Ad1ig4QTmtuZF946QJP4bPqOYC78ixUXgz5TW/wE7lNaNKlplSYTxQ+fR2KZ0EA=="
    },
    "node_modules/mailcomposer": {
      "version": "2.1.0",
      "resolved": "https://registry.npmjs.org/mailcomposer/-/mailcomposer-2.1.0.tgz",
      "integrity": "sha512-vwqmIfiM3wiWAplTMfLoPzVvI2+Z+BL9pJQ2DXynIVYRPig5ulGsm+3ytMR88pP7Q2ReMj3wCYaq8m5xgfHzPg==",
      "deprecated": "This project is unmaintained",
      "dependencies": {
        "buildmail": "^2.0.0",
        "libmime": "^1.2.0"
      }
    },
    "node_modules/mailparser": {
      "version": "0.5.3",
      "resolved": "https://registry.npmjs.org/mailparser/-/mailparser-0.5.3.tgz",
      "integrity": "sha512-wA6/BX7eQZ9gumO5N4g6QV/GQNHLAd72BUrfbfZ6NC63Hh4b1BdHOQ/Ps2hzR+qCE68X2YK3B2HCT8VohZ5qKQ==",
      "deprecated": "Mailparser versions older than v2.3.0 are deprecated",
      "dependencies": {
        "encoding": "^0.1.11",
        "mime": "^1.3.4",
        "mimelib": "^0.2.19",
        "uue": "^3.0.0"
      }
    },
    "node_modules/merge": {
      "version": "1.2.1",
      "resolved": "https://registry.npmjs.org/merge/-/merge-1.2.1.tgz",
      "integrity": "sha512-VjFo4P5Whtj4vsLzsYBu5ayHhoHJ0UqNm7ibvShmbmoz7tGi0vXaoJbGdB+GmDMLUdg8DpQXEIeVDAe8MaABvQ=="
    },
    "node_modules/mime": {
      "version": "1.6.0",
      "resolved": "https://registry.npmjs.org/mime/-/mime-1.6.0.tgz",
      "integrity": "sha512-x0Vn8spI+wuJ1O6S7gnbaQg8Pxh4NNHb7KSINmEWKiPE4RKOplvijn+NkmYmmRgP68mc70j2EbeTFRsrswaQeg==",
      "bin": {
        "mime": "cli.js"
      },
      "engines": {
        "node": ">=4"
      }
    },
    "node_modules/mime-db": {
      "version": "1.52.0",
      "resolved": "https://registry.npmjs.org/mime-db/-/mime-db-1.52.0.tgz",
      "integrity": "sha512-sPU4uV7dYlvtWJxwwxHD0PuihVNiE7TyAbQ5SWxDCB9mUYvOgroQOwYQQOKPJ8CIbE+1ETVlOoK1UC2nU3gYvg==",
      "engines": {
        "node": ">= 0.6"
      }
    },
    "node_modules/mime-types": {
      "version": "2.1.35",
      "resolved": "https://registry.npmjs.org/mime-types/-/mime-types-2.1.35.tgz",
      "integrity": "sha512-ZDY+bPm5zTTF+YpCrAU9nK0UgICYPT0QtT1NZWFv4s++TNkcgVaT0g6+4R2uI4MjQjzysHB1zxuWL50hzaeXiw==",
      "dependencies": {
        "mime-db": "1.52.0"
      },
      "engines": {
        "node": ">= 0.6"
      }
    },
    "node_modules/mimelib": {
      "version": "0.2.19",
      "resolved": "https://registry.npmjs.org/mimelib/-/mimelib-0.2.19.tgz",
      "integrity": "sha512-f0FEP0iMNT2u4YbAIBK8KZHaOvWGAdrVq+OyLUpIjpCfjO+nVCTtNM9wb+O8tJPm12w6kb4I6okERU94QdA43A==",
      "deprecated": "This project is unmaintained",
      "dependencies": {
        "addressparser": "~0.3.2",
        "encoding": "~0.1.7"
      }
    },
    "node_modules/ms": {
      "version": "2.0.0",
      "resolved": "https://registry.npmjs.org/ms/-/ms-2.0.0.tgz",
      "integrity": "sha512-Tpp60P6IUJDTuOq/5Z8cdskzJujfwqfOTkrwIwj7IRISpnkJnT6SyJ4PCPnGMoFjC9ddhal5KVIYtAt97ix05A=="
    },
    "node_modules/needle": {
      "version": "0.11.0",
      "resolved": "https://registry.npmjs.org/needle/-/needle-0.11.0.tgz",
      "integrity": "sha512-76paDodxGl3b+rcg8fYv7fkRLJp0kHprOL+HPtfDkT4QKJALSFJKWrJp7Qw83JVtPThH9Vy7iF4KR4Eq1fVYWA==",
      "dependencies": {
        "debug": "^2.1.2",
        "iconv-lite": "^0.4.4"
      },
      "bin": {
        "needle": "bin/needle"
      },
      "engines": {
        "node": ">= 0.10.x"
      }
    },
    "node_modules/needle/node_modules/iconv-lite": {
      "version": "0.4.24",
      "resolved": "https://registry.npmjs.org/iconv-lite/-/iconv-lite-0.4.24.tgz",
      "integrity": "sha512-v3MXnZAcvnywkTUEZomIActle7RXXeedOR31wwl7VlyoXO4Qi9arvSenNQWne1TcRwhCL1HwLI21bEqdpj8/rA==",
      "dependencies": {
        "safer-buffer": ">= 2.1.2 < 3"
      },
      "engines": {
        "node": ">=0.10.0"
      }
    },
    "node_modules/nodemailer": {
      "version": "1.11.0",
      "resolved": "https://registry.npmjs.org/nodemailer/-/nodemailer-1.11.0.tgz",
      "integrity": "sha512-CA+mq08eL85Gg5S/Z4VdkS9f0jZUbiHr4XgUlifo7KGRem16tJuzwHOygW9CxfDzT48WgV8ffbNNJWX0BiT3Ag==",
      "deprecated": "All versions below 4.0.1 of Nodemailer are deprecated. See https://nodemailer.com/status/",
      "dependencies": {
        "libmime": "^1.2.0",
        "mailcomposer": "^2.1.0",
        "needle": "^0.11.0",
        "nodemailer-direct-transport": "^1.1.0",
        "nodemailer-smtp-transport": "^1.1.0"
      },
      "engines": {
        "node": ">=0.10.0"
      }
    },
    "node_modules/nodemailer-direct-transport": {
      "version": "1.1.0",
      "resolved": "https://registry.npmjs.org/nodemailer-direct-transport/-/nodemailer-direct-transport-1.1.0.tgz",
      "integrity": "sha512-cZ1EfBCkBAeR2+a/uFZ6IXh3YxtUPvBxebZB4zjE/J9LYPGqOPxkhvQMB/L6RA1lrcgyBS/Y1nF7vE69AqE+/Q==",
      "dependencies": {
        "smtp-connection": "^1.3.1"
      }
    },
    "node_modules/nodemailer-smtp-transport": {
      "version": "1.1.0",
      "resolved": "https://registry.npmjs.org/nodemailer-smtp-transport/-/nodemailer-smtp-transport-1.1.0.tgz",
      "integrity": "sha512-mFYe1i3c7buIOCs6m8VydDcyk+NW9LuAoyYeGxIqlzfWuX7PMHHIh2PTE90Wvx9+rdgTutPvrKaXMBABNf/m/Q==",
      "dependencies": {
        "clone": "^1.0.2",
        "nodemailer-wellknown": "^0.1.7",
        "smtp-connection": "^1.3.7"
      }
    },
    "node_modules/nodemailer-wellknown": {
      "version": "0.1.10",
      "resolved": "https://registry.npmjs.org/nodemailer-wellknown/-/nodemailer-wellknown-0.1.10.tgz",
      "integrity": "sha512-/VV4mjAEjfm2fn0loUvrpjvugw5rgurNjPO4WU24CuVSoeumsyLOTgaEWG8WoGdPxh1biOAp5JxDoy1hlA2zsw=="
    },
    "node_modules/safer-buffer": {
      "version": "2.1.2",
      "resolved": "https://registry.npmjs.org/safer-buffer/-/safer-buffer-2.1.2.tgz",
      "integrity": "sha512-YZo3K82SD7Riyi0E1EQPojLz7kpepnSQI9IyPbHHg1XXXevb5dJI7tpyN2ADxGcQbHG7vcyRHk0cbwqcQriUtg=="
    },
    "node_modules/smtp-connection": {
      "version": "1.3.8",
      "resolved": "https://registry.npmjs.org/smtp-connection/-/smtp-connection-1.3.8.tgz",
      "integrity": "sha512-IEO4VJ8EJ7kmKMfCEGw/pQ0zzRKoB7J8GP/DElR9GU18ZMDDYlAaXGs6kwwjq8VfHMahebhqYZR83hFD/qqqCQ=="
    },
    "node_modules/strip-ansi": {
      "version": "3.0.1",
      "resolved": "https://registry.npmjs.org/strip-ansi/-/strip-ansi-3.0.1.tgz",
      "integrity": "sha512-VhumSSbBqDTP8p2ZLKj40UjBCV4+v8bUSEpUb4KjRgWk9pbqGF4REFj6KEagidb2f/M6AzC0EmFyDNGaw9OCzg==",
      "dependencies": {
        "ansi-regex": "^2.0.0"
      },
      "engines": {
        "node": ">=0.10.0"
      }
    },
    "node_modules/supports-color": {
      "version": "2.0.0",
      "resolved": "https://registry.npmjs.org/supports-color/-/supports-color-2.0.0.tgz",
      "integrity": "sha512-KKNVtd6pCYgPIKU4cp2733HWYCpplQhddZLBUryaAHou723x+FRzQ5Df824Fj+IyyuiQTRoub4SnIFfIcrp70g==",
      "engines": {
        "node": ">=0.8.0"
      }
    },
    "node_modules/uue": {
      "version": "3.1.2",
      "resolved": "https://registry.npmjs.org/uue/-/uue-3.1.2.tgz",
      "integrity": "sha512-axKLXVqwtdI/czrjG0X8hyV1KLgeWx8F4KvSbvVCnS+RUvsQMGRjx0kfuZDXXqj0LYvVJmx3B9kWlKtEdRrJLg==",
      "dependencies": {
        "escape-string-regexp": "~1.0.5",
        "extend": "~3.0.0"
      }
    }
  },
  "dependencies": {
    "@emailjs/browser": {
      "version": "3.6.2",
      "resolved": "https://registry.npmjs.org/@emailjs/browser/-/browser-3.6.2.tgz",
      "integrity": "sha512-Swc8w+vwDX4XPy6tPegOFGSwHqNiEmEsIKbtAkqHo2WqnS0ORZUnnuZats2R3XqwfxNQD0F6RwnlVWHIMf6sCQ=="
    },
    "addressparser": {
      "version": "0.3.2",
      "resolved": "https://registry.npmjs.org/addressparser/-/addressparser-0.3.2.tgz",
      "integrity": "sha512-fDlslCJpojuY1cnb7tY7COAriA7cdSzDiWyrWNdFn7Cjd+jrEgZavqkOgD/wg+eH765YPnQjqlS88OL/Q0Qtkg=="
    },
    "ansi-regex": {
      "version": "2.1.1",
      "resolved": "https://registry.npmjs.org/ansi-regex/-/ansi-regex-2.1.1.tgz",
      "integrity": "sha512-TIGnTpdo+E3+pCyAluZvtED5p5wCqLdezCyhPZzKPcxvFplEt4i+W7OONCKgeZFT3+y5NZZfOOS/Bdcanm1MYA=="
    },
    "ansi-styles": {
      "version": "2.2.1",
      "resolved": "https://registry.npmjs.org/ansi-styles/-/ansi-styles-2.2.1.tgz",
      "integrity": "sha512-kmCevFghRiWM7HB5zTPULl4r9bVFSWjz62MhqizDGUrq2NWuNMQyuv4tHHoKJHs69M/MF64lEcHdYIocrdWQYA=="
    },
    "asynckit": {
      "version": "0.4.0",
      "resolved": "https://registry.npmjs.org/asynckit/-/asynckit-0.4.0.tgz",
      "integrity": "sha512-Oei9OH4tRh0YqU3GxhX79dM/mwVgvbZJaSNaRk+bshkj0S5cfHcgYakreBjrHwatXKbz+IoIdYLxrKim2MjW0Q=="
    },
    "axios": {
      "version": "0.27.2",
      "resolved": "https://registry.npmjs.org/axios/-/axios-0.27.2.tgz",
      "integrity": "sha512-t+yRIyySRTp/wua5xEr+z1q60QmLq8ABsS5O9Me1AsE5dfKqgnCFzwiCZZ/cGNd1lq4/7akDWMxdhVlucjmnOQ==",
      "requires": {
        "follow-redirects": "^1.14.9",
        "form-data": "^4.0.0"
      }
    },
    "buildmail": {
      "version": "2.0.0",
      "resolved": "https://registry.npmjs.org/buildmail/-/buildmail-2.0.0.tgz",
      "integrity": "sha512-nzs+TRLUuC+4RUuEdUwjcu3EKXhbO2mTd20xZngRELIeGOlMWZjanEUxdOkVGx4TRN9CWzxqGrrxBYQUrBhCvQ==",
      "requires": {
        "addressparser": "^0.3.2",
        "libbase64": "^0.1.0",
        "libmime": "^1.2.0",
        "libqp": "^1.1.0",
        "needle": "^0.10.0"
      },
      "dependencies": {
        "iconv-lite": {
          "version": "0.4.24",
          "resolved": "https://registry.npmjs.org/iconv-lite/-/iconv-lite-0.4.24.tgz",
          "integrity": "sha512-v3MXnZAcvnywkTUEZomIActle7RXXeedOR31wwl7VlyoXO4Qi9arvSenNQWne1TcRwhCL1HwLI21bEqdpj8/rA==",
          "requires": {
            "safer-buffer": ">= 2.1.2 < 3"
          }
        },
        "needle": {
          "version": "0.10.0",
          "resolved": "https://registry.npmjs.org/needle/-/needle-0.10.0.tgz",
          "integrity": "sha512-83oJxMoVmAew7kZ51Z4jeWndgXY7/yeSMUh4H9ayEYkfRbu7IGPW45Ft20aXbicU6z7mZU2V41MZHzysdBLoFQ==",
          "requires": {
            "debug": "^2.1.2",
            "iconv-lite": "^0.4.4"
          }
        }
      }
    },
    "catchmail": {
      "version": "1.1.0",
      "resolved": "https://registry.npmjs.org/catchmail/-/catchmail-1.1.0.tgz",
      "integrity": "sha512-BFlCjGhAFv4aI2sxX3/t/JP/YbnFw4//HpR+IbQIaCRwVuanBQEdXVkon8DBBC9d+7PM47vqmQQBpwdUjAtk3w==",
      "requires": {
        "chalk": "^1.0.0",
        "commander": "^2.7.1",
        "mailparser": "^0.5.1",
        "merge": "^1.2.0",
        "nodemailer": "^1.3.2",
        "nodemailer-smtp-transport": "^1.0.2"
      }
    },
    "chalk": {
      "version": "1.1.3",
      "resolved": "https://registry.npmjs.org/chalk/-/chalk-1.1.3.tgz",
      "integrity": "sha512-U3lRVLMSlsCfjqYPbLyVv11M9CPW4I728d6TCKMAOJueEeB9/8o+eSsMnxPJD+Q+K909sdESg7C+tIkoH6on1A==",
      "requires": {
        "ansi-styles": "^2.2.1",
        "escape-string-regexp": "^1.0.2",
        "has-ansi": "^2.0.0",
        "strip-ansi": "^3.0.0",
        "supports-color": "^2.0.0"
      }
    },
    "clone": {
      "version": "1.0.4",
      "resolved": "https://registry.npmjs.org/clone/-/clone-1.0.4.tgz",
      "integrity": "sha512-JQHZ2QMW6l3aH/j6xCqQThY/9OH4D/9ls34cgkUBiEeocRTU04tHfKPBsUK1PqZCUQM7GiA0IIXJSuXHI64Kbg=="
    },
    "combined-stream": {
      "version": "1.0.8",
      "resolved": "https://registry.npmjs.org/combined-stream/-/combined-stream-1.0.8.tgz",
      "integrity": "sha512-FQN4MRfuJeHf7cBbBMJFXhKSDq+2kAArBlmRBvcvFE5BB1HZKXtSFASDhdlz9zOYwxh8lDdnvmMOe/+5cdoEdg==",
      "requires": {
        "delayed-stream": "~1.0.0"
      }
    },
    "commander": {
      "version": "2.20.3",
      "resolved": "https://registry.npmjs.org/commander/-/commander-2.20.3.tgz",
      "integrity": "sha512-GpVkmM8vF2vQUkj2LvZmD35JxeJOLCwJ9cUkugyk2nuhbv3+mJvpLYYt+0+USMxE+oj+ey/lJEnhZw75x/OMcQ=="
    },
    "debug": {
      "version": "2.6.9",
      "resolved": "https://registry.npmjs.org/debug/-/debug-2.6.9.tgz",
      "integrity": "sha512-bC7ElrdJaJnPbAP+1EotYvqZsb3ecl5wi6Bfi6BJTUcNowp6cvspg0jXznRTKDjm/E7AdgFBVeAPVMNcKGsHMA==",
      "requires": {
        "ms": "2.0.0"
      }
    },
    "delayed-stream": {
      "version": "1.0.0",
      "resolved": "https://registry.npmjs.org/delayed-stream/-/delayed-stream-1.0.0.tgz",
      "integrity": "sha512-ZySD7Nf91aLB0RxL4KGrKHBXl7Eds1DAmEdcoVawXnLD7SDhpNgtuII2aAkg7a7QS41jxPSZ17p4VdGnMHk3MQ=="
    },
    "encoding": {
      "version": "0.1.13",
      "resolved": "https://registry.npmjs.org/encoding/-/encoding-0.1.13.tgz",
      "integrity": "sha512-ETBauow1T35Y/WZMkio9jiM0Z5xjHHmJ4XmjZOq1l/dXz3lr2sRn87nJy20RupqSh1F2m3HHPSp8ShIPQJrJ3A==",
      "requires": {
        "iconv-lite": "^0.6.2"
      }
    },
    "escape-string-regexp": {
      "version": "1.0.5",
      "resolved": "https://registry.npmjs.org/escape-string-regexp/-/escape-string-regexp-1.0.5.tgz",
      "integrity": "sha512-vbRorB5FUQWvla16U8R/qgaFIya2qGzwDrNmCZuYKrbdSUMG6I1ZCGQRefkRVhuOkIGVne7BQ35DSfo1qvJqFg=="
    },
    "extend": {
      "version": "3.0.2",
      "resolved": "https://registry.npmjs.org/extend/-/extend-3.0.2.tgz",
      "integrity": "sha512-fjquC59cD7CyW6urNXK0FBufkZcoiGG80wTuPujX590cB5Ttln20E2UB4S/WARVqhXffZl2LNgS+gQdPIIim/g=="
    },
    "follow-redirects": {
      "version": "1.15.1",
      "resolved": "https://registry.npmjs.org/follow-redirects/-/follow-redirects-1.15.1.tgz",
      "integrity": "sha512-yLAMQs+k0b2m7cVxpS1VKJVvoz7SS9Td1zss3XRwXj+ZDH00RJgnuLx7E44wx02kQLrdM3aOOy+FpzS7+8OizA=="
    },
    "form-data": {
      "version": "4.0.0",
      "resolved": "https://registry.npmjs.org/form-data/-/form-data-4.0.0.tgz",
      "integrity": "sha512-ETEklSGi5t0QMZuiXoA/Q6vcnxcLQP5vdugSpuAyi6SVGi2clPPp+xgEhuMaHC+zGgn31Kd235W35f7Hykkaww==",
      "requires": {
        "asynckit": "^0.4.0",
        "combined-stream": "^1.0.8",
        "mime-types": "^2.1.12"
      }
    },
    "has-ansi": {
      "version": "2.0.0",
      "resolved": "https://registry.npmjs.org/has-ansi/-/has-ansi-2.0.0.tgz",
      "integrity": "sha512-C8vBJ8DwUCx19vhm7urhTuUsr4/IyP6l4VzNQDv+ryHQObW3TTTp9yB68WpYgRe2bbaGuZ/se74IqFeVnMnLZg==",
      "requires": {
        "ansi-regex": "^2.0.0"
      }
    },
    "iconv-lite": {
      "version": "0.6.3",
      "resolved": "https://registry.npmjs.org/iconv-lite/-/iconv-lite-0.6.3.tgz",
      "integrity": "sha512-4fCk79wshMdzMp2rH06qWrJE4iolqLhCUH+OiuIgU++RB0+94NlDL81atO7GX55uUKueo0txHNtvEyI6D7WdMw==",
      "requires": {
        "safer-buffer": ">= 2.1.2 < 3.0.0"
      }
    },
    "libbase64": {
      "version": "0.1.0",
      "resolved": "https://registry.npmjs.org/libbase64/-/libbase64-0.1.0.tgz",
      "integrity": "sha512-B91jifmFw1DKEqEWstSpg1PbtUbBzR4yQAPT86kCQXBtud1AJVA+Z6RSklSrqmKe4q2eiEufgnhqJKPgozzfIQ=="
    },
    "libmime": {
      "version": "1.2.0",
      "resolved": "https://registry.npmjs.org/libmime/-/libmime-1.2.0.tgz",
      "integrity": "sha512-T1b/a+85vR5uJOzvQG2xZlGsWdELj02jijj/ooBcIwJUF11yiE6n2T3EI9n0B5kJX1GhI9BTTb13g/bhnhxDnw==",
      "requires": {
        "iconv-lite": "^0.4.13",
        "libbase64": "^0.1.0",
        "libqp": "^1.1.0"
      },
      "dependencies": {
        "iconv-lite": {
          "version": "0.4.24",
          "resolved": "https://registry.npmjs.org/iconv-lite/-/iconv-lite-0.4.24.tgz",
          "integrity": "sha512-v3MXnZAcvnywkTUEZomIActle7RXXeedOR31wwl7VlyoXO4Qi9arvSenNQWne1TcRwhCL1HwLI21bEqdpj8/rA==",
          "requires": {
            "safer-buffer": ">= 2.1.2 < 3"
          }
        }
      }
    },
    "libqp": {
      "version": "1.1.0",
      "resolved": "https://registry.npmjs.org/libqp/-/libqp-1.1.0.tgz",
      "integrity": "sha512-4Rgfa0hZpG++t1Vi2IiqXG9Ad1ig4QTmtuZF946QJP4bPqOYC78ixUXgz5TW/wE7lNaNKlplSYTxQ+fR2KZ0EA=="
    },
    "mailcomposer": {
      "version": "2.1.0",
      "resolved": "https://registry.npmjs.org/mailcomposer/-/mailcomposer-2.1.0.tgz",
      "integrity": "sha512-vwqmIfiM3wiWAplTMfLoPzVvI2+Z+BL9pJQ2DXynIVYRPig5ulGsm+3ytMR88pP7Q2ReMj3wCYaq8m5xgfHzPg==",
      "requires": {
        "buildmail": "^2.0.0",
        "libmime": "^1.2.0"
      }
    },
    "mailparser": {
      "version": "0.5.3",
      "resolved": "https://registry.npmjs.org/mailparser/-/mailparser-0.5.3.tgz",
      "integrity": "sha512-wA6/BX7eQZ9gumO5N4g6QV/GQNHLAd72BUrfbfZ6NC63Hh4b1BdHOQ/Ps2hzR+qCE68X2YK3B2HCT8VohZ5qKQ==",
      "requires": {
        "encoding": "^0.1.11",
        "mime": "^1.3.4",
        "mimelib": "^0.2.19",
        "uue": "^3.0.0"
      }
    },
    "merge": {
      "version": "1.2.1",
      "resolved": "https://registry.npmjs.org/merge/-/merge-1.2.1.tgz",
      "integrity": "sha512-VjFo4P5Whtj4vsLzsYBu5ayHhoHJ0UqNm7ibvShmbmoz7tGi0vXaoJbGdB+GmDMLUdg8DpQXEIeVDAe8MaABvQ=="
    },
    "mime": {
      "version": "1.6.0",
      "resolved": "https://registry.npmjs.org/mime/-/mime-1.6.0.tgz",
      "integrity": "sha512-x0Vn8spI+wuJ1O6S7gnbaQg8Pxh4NNHb7KSINmEWKiPE4RKOplvijn+NkmYmmRgP68mc70j2EbeTFRsrswaQeg=="
    },
    "mime-db": {
      "version": "1.52.0",
      "resolved": "https://registry.npmjs.org/mime-db/-/mime-db-1.52.0.tgz",
      "integrity": "sha512-sPU4uV7dYlvtWJxwwxHD0PuihVNiE7TyAbQ5SWxDCB9mUYvOgroQOwYQQOKPJ8CIbE+1ETVlOoK1UC2nU3gYvg=="
    },
    "mime-types": {
      "version": "2.1.35",
      "resolved": "https://registry.npmjs.org/mime-types/-/mime-types-2.1.35.tgz",
      "integrity": "sha512-ZDY+bPm5zTTF+YpCrAU9nK0UgICYPT0QtT1NZWFv4s++TNkcgVaT0g6+4R2uI4MjQjzysHB1zxuWL50hzaeXiw==",
      "requires": {
        "mime-db": "1.52.0"
      }
    },
    "mimelib": {
      "version": "0.2.19",
      "resolved": "https://registry.npmjs.org/mimelib/-/mimelib-0.2.19.tgz",
      "integrity": "sha512-f0FEP0iMNT2u4YbAIBK8KZHaOvWGAdrVq+OyLUpIjpCfjO+nVCTtNM9wb+O8tJPm12w6kb4I6okERU94QdA43A==",
      "requires": {
        "addressparser": "~0.3.2",
        "encoding": "~0.1.7"
      }
    },
    "ms": {
      "version": "2.0.0",
      "resolved": "https://registry.npmjs.org/ms/-/ms-2.0.0.tgz",
      "integrity": "sha512-Tpp60P6IUJDTuOq/5Z8cdskzJujfwqfOTkrwIwj7IRISpnkJnT6SyJ4PCPnGMoFjC9ddhal5KVIYtAt97ix05A=="
    },
    "needle": {
      "version": "0.11.0",
      "resolved": "https://registry.npmjs.org/needle/-/needle-0.11.0.tgz",
      "integrity": "sha512-76paDodxGl3b+rcg8fYv7fkRLJp0kHprOL+HPtfDkT4QKJALSFJKWrJp7Qw83JVtPThH9Vy7iF4KR4Eq1fVYWA==",
      "requires": {
        "debug": "^2.1.2",
        "iconv-lite": "^0.4.4"
      },
      "dependencies": {
        "iconv-lite": {
          "version": "0.4.24",
          "resolved": "https://registry.npmjs.org/iconv-lite/-/iconv-lite-0.4.24.tgz",
          "integrity": "sha512-v3MXnZAcvnywkTUEZomIActle7RXXeedOR31wwl7VlyoXO4Qi9arvSenNQWne1TcRwhCL1HwLI21bEqdpj8/rA==",
          "requires": {
            "safer-buffer": ">= 2.1.2 < 3"
          }
        }
      }
    },
    "nodemailer": {
      "version": "1.11.0",
      "resolved": "https://registry.npmjs.org/nodemailer/-/nodemailer-1.11.0.tgz",
      "integrity": "sha512-CA+mq08eL85Gg5S/Z4VdkS9f0jZUbiHr4XgUlifo7KGRem16tJuzwHOygW9CxfDzT48WgV8ffbNNJWX0BiT3Ag==",
      "requires": {
        "libmime": "^1.2.0",
        "mailcomposer": "^2.1.0",
        "needle": "^0.11.0",
        "nodemailer-direct-transport": "^1.1.0",
        "nodemailer-smtp-transport": "^1.1.0"
      }
    },
    "nodemailer-direct-transport": {
      "version": "1.1.0",
      "resolved": "https://registry.npmjs.org/nodemailer-direct-transport/-/nodemailer-direct-transport-1.1.0.tgz",
      "integrity": "sha512-cZ1EfBCkBAeR2+a/uFZ6IXh3YxtUPvBxebZB4zjE/J9LYPGqOPxkhvQMB/L6RA1lrcgyBS/Y1nF7vE69AqE+/Q==",
      "requires": {
        "smtp-connection": "^1.3.1"
      }
    },
    "nodemailer-smtp-transport": {
      "version": "1.1.0",
      "resolved": "https://registry.npmjs.org/nodemailer-smtp-transport/-/nodemailer-smtp-transport-1.1.0.tgz",
      "integrity": "sha512-mFYe1i3c7buIOCs6m8VydDcyk+NW9LuAoyYeGxIqlzfWuX7PMHHIh2PTE90Wvx9+rdgTutPvrKaXMBABNf/m/Q==",
      "requires": {
        "clone": "^1.0.2",
        "nodemailer-wellknown": "^0.1.7",
        "smtp-connection": "^1.3.7"
      }
    },
    "nodemailer-wellknown": {
      "version": "0.1.10",
      "resolved": "https://registry.npmjs.org/nodemailer-wellknown/-/nodemailer-wellknown-0.1.10.tgz",
      "integrity": "sha512-/VV4mjAEjfm2fn0loUvrpjvugw5rgurNjPO4WU24CuVSoeumsyLOTgaEWG8WoGdPxh1biOAp5JxDoy1hlA2zsw=="
    },
    "safer-buffer": {
      "version": "2.1.2",
      "resolved": "https://registry.npmjs.org/safer-buffer/-/safer-buffer-2.1.2.tgz",
      "integrity": "sha512-YZo3K82SD7Riyi0E1EQPojLz7kpepnSQI9IyPbHHg1XXXevb5dJI7tpyN2ADxGcQbHG7vcyRHk0cbwqcQriUtg=="
    },
    "smtp-connection": {
      "version": "1.3.8",
      "resolved": "https://registry.npmjs.org/smtp-connection/-/smtp-connection-1.3.8.tgz",
      "integrity": "sha512-IEO4VJ8EJ7kmKMfCEGw/pQ0zzRKoB7J8GP/DElR9GU18ZMDDYlAaXGs6kwwjq8VfHMahebhqYZR83hFD/qqqCQ=="
    },
    "strip-ansi": {
      "version": "3.0.1",
      "resolved": "https://registry.npmjs.org/strip-ansi/-/strip-ansi-3.0.1.tgz",
      "integrity": "sha512-VhumSSbBqDTP8p2ZLKj40UjBCV4+v8bUSEpUb4KjRgWk9pbqGF4REFj6KEagidb2f/M6AzC0EmFyDNGaw9OCzg==",
      "requires": {
        "ansi-regex": "^2.0.0"
      }
    },
    "supports-color": {
      "version": "2.0.0",
      "resolved": "https://registry.npmjs.org/supports-color/-/supports-color-2.0.0.tgz",
      "integrity": "sha512-KKNVtd6pCYgPIKU4cp2733HWYCpplQhddZLBUryaAHou723x+FRzQ5Df824Fj+IyyuiQTRoub4SnIFfIcrp70g=="
    },
    "uue": {
      "version": "3.1.2",
      "resolved": "https://registry.npmjs.org/uue/-/uue-3.1.2.tgz",
      "integrity": "sha512-axKLXVqwtdI/czrjG0X8hyV1KLgeWx8F4KvSbvVCnS+RUvsQMGRjx0kfuZDXXqj0LYvVJmx3B9kWlKtEdRrJLg==",
      "requires": {
        "escape-string-regexp": "~1.0.5",
        "extend": "~3.0.0"
      }
    }
  }
}
